Microsoft Visual Studio Solution File, Format Version 12.00
# Visual Studio Version 17
VisualStudioVersion = 17.5.2.0
MinimumVisualStudioVersion = 10.0.40219.1
Project("{2150E333-8FDC-42A3-9474-1A3956D46DE8}") = "local-announcer", "local-announcer", "{89005449-6E30-7DA7-4253-9ABD3EB9BA28}"
EndProject
Project("{FAE04EC0-301F-11D3-BF4B-00C04F79EFBC}") = "Gateling.Announcer", "local-announcer\Gateling.Announcer\Gateling.Announcer.csproj", "{D4BC8AB4-6859-161D-E81D-B2B9E4AC67F5}"
EndProject
Global
	GlobalSection(SolutionConfigurationPlatforms) = preSolution
		Debug|Any CPU = Debug|Any CPU
		Release|Any CPU = Release|Any CPU
	EndGlobalSection
	GlobalSection(ProjectConfigurationPlatforms) = postSolution
		{D4BC8AB4-6859-161D-E81D-B2B9E4AC67F5}.Debug|Any CPU.ActiveCfg = Debug|Any CPU
		{D4BC8AB4-6859-161D-E81D-B2B9E4AC67F5}.Debug|Any CPU.Build.0 = Debug|Any CPU
		{D4BC8AB4-6859-161D-E81D-B2B9E4AC67F5}.Release|Any CPU.ActiveCfg = Release|Any CPU
		{D4BC8AB4-6859-161D-E81D-B2B9E4AC67F5}.Release|Any CPU.Build.0 = Release|Any CPU
	EndGlobalSection
	GlobalSection(SolutionProperties) = preSolution
		HideSolutionNode = FALSE
	EndGlobalSection
	GlobalSection(NestedProjects) = preSolution
		{D4BC8AB4-6859-161D-E81D-B2B9E4AC67F5} = {89005449-6E30-7DA7-4253-9ABD3EB9BA28}
	EndGlobalSection
	GlobalSection(ExtensibilityGlobals) = postSolution
		SolutionGuid = {AF2E44E2-6A24-4F15-B079-A535A02B6530}
	EndGlobalSection
EndGlobal
